{
    "_readme": [
        "This file locks the dependencies of your project to a known state",
        "Read more about it at https://getcomposer.org/doc/01-basic-usage.md#installing-dependencies",
        "This file is @generated automatically"
    ],
    "content-hash": "eb857ceb67a8b87c5a3677bf279d2c77",
    "packages": [
        {
            "name": "phpxmlrpc/phpxmlrpc",
            "version": "4.6.0",
            "source": {
                "type": "git",
                "url": "https://github.com/gggeek/phpxmlrpc.git",
                "reference": "b9401ffa2174663e376dcbb3aadba09eb62d8d19"
            },
            "dist": {
                "type": "zip",
                "url": "https://api.github.com/repos/gggeek/phpxmlrpc/zipball/b9401ffa2174663e376dcbb3aadba09eb62d8d19",
                "reference": "b9401ffa2174663e376dcbb3aadba09eb62d8d19",
                "shasum": ""
            },
            "require": {
                "ext-xml": "*",
                "php": "^5.3.0 || ^7.0 || ^8.0"
            },
            "conflict": {
                "phpxmlrpc/extras": "<= 0.6.3"
            },
            "require-dev": {
                "docbook/docbook-xsl": "^1.79",
                "ext-curl": "*",
                "ext-dom": "*",
                "ext-mbstring": "*",
                "ext-xsl": "*",
                "indeyets/pake": "^1.99",
                "phpunit/phpunit": "^5.0 || ^8.5.14",
                "phpunit/phpunit-selenium": "*",
                "yoast/phpunit-polyfills": "*"
            },
            "suggest": {
                "ext-curl": "Needed for HTTPS and HTTP 1.1 support, NTLM Auth etc...",
                "ext-mbstring": "Needed to allow reception of requests/responses in character sets other than ASCII,LATIN-1,UTF-8",
                "ext-zlib": "Needed for sending compressed requests and receiving compressed responses, if cURL is not available",
                "phpxmlrpc/extras": "Adds more featured Server classes and other useful bits",
                "phpxmlrpc/jsonrpc": "Adds support for the JSON-RPC protocol",
                "sami/sami": "Required for doc generation using pake. Version constraints: ^3.3 || ^4.1"
            },
            "type": "library",
            "autoload": {
                "psr-4": {
                    "PhpXmlRpc\\": "src/"
                }
            },
            "notification-url": "https://packagist.org/downloads/",
            "license": [
                "BSD-3-Clause"
            ],
            "description": "A php library for building xmlrpc clients and servers",
            "homepage": "https://gggeek.github.io/phpxmlrpc/",
            "keywords": [
                "webservices",
                "xml-rpc",
                "xmlrpc"
            ],
            "support": {
                "issues": "https://github.com/gggeek/phpxmlrpc/issues",
                "source": "https://github.com/gggeek/phpxmlrpc/tree/4.6.0"
            },
            "time": "2021-12-09T18:28:20+00:00"
        },
        {
            "name": "twbs/bootstrap",
            "version": "v5.1.3",
            "source": {
                "type": "git",
                "url": "https://github.com/twbs/bootstrap.git",
                "reference": "1a6fdfae6be09b09eaced8f0e442ca6f7680a61e"
            },
            "dist": {
                "type": "zip",
                "url": "https://api.github.com/repos/twbs/bootstrap/zipball/1a6fdfae6be09b09eaced8f0e442ca6f7680a61e",
                "reference": "1a6fdfae6be09b09eaced8f0e442ca6f7680a61e",
                "shasum": ""
            },
            "replace": {
                "twitter/bootstrap": "self.version"
            },
            "type": "library",
            "notification-url": "https://packagist.org/downloads/",
            "license": [
                "MIT"
            ],
            "authors": [
                {
                    "name": "Mark Otto",
                    "email": "markdotto@gmail.com"
                },
                {
                    "name": "Jacob Thornton",
                    "email": "jacobthornton@gmail.com"
                }
            ],
            "description": "The most popular front-end framework for developing responsive, mobile first projects on the web.",
            "homepage": "https://getbootstrap.com/",
            "keywords": [
                "JS",
                "css",
                "framework",
                "front-end",
                "mobile-first",
                "responsive",
                "sass",
                "web"
            ],
            "support": {
                "issues": "https://github.com/twbs/bootstrap/issues",
                "source": "https://github.com/twbs/bootstrap/tree/v5.1.3"
            },
            "time": "2021-10-09T06:43:19+00:00"
        }
    ],
    "packages-dev": [],
    "aliases": [],
    "minimum-stability": "stable",
    "stability-flags": [],
    "prefer-stable": false,
    "prefer-lowest": false,
    "platform": [],
    "platform-dev": [],
    "plugin-api-version": "2.2.0"
}
